
Microsoft Visual Studio Solution File, Format Version 12.00
# Visual Studio 14
VisualStudioVersion = 14.0.25420.1
MinimumVisualStudioVersion = 10.0.40219.1
Project("{FAE04EC0-301F-11D3-BF4B-00C04F79EFBC}") = "REST_polynomials", "REST_polynomials\REST_polynomials.csproj", "{B45ACCD1-C385-4DD1-9AE7-DD0073712E5B}"
EndProject
Project("{FAE04EC0-301F-11D3-BF4B-00C04F79EFBC}") = "PolinomService_Host", "PolinomService_Host\PolinomService_Host.csproj", "{48B40F1E-5F20-4CC3-A145-2FFB0D8104D9}"
EndProject
Global
	GlobalSection(SolutionConfigurationPlatforms) = preSolution
		Debug|Any CPU = Debug|Any CPU
		Release|Any CPU = Release|Any CPU
	EndGlobalSection
	GlobalSection(ProjectConfigurationPlatforms) = postSolution
		{B45ACCD1-C385-4DD1-9AE7-DD0073712E5B}.Debug|Any CPU.ActiveCfg = Debug|Any CPU
		{B45ACCD1-C385-4DD1-9AE7-DD0073712E5B}.Debug|Any CPU.Build.0 = Debug|Any CPU
		{B45ACCD1-C385-4DD1-9AE7-DD0073712E5B}.Release|Any CPU.ActiveCfg = Release|Any CPU
		{B45ACCD1-C385-4DD1-9AE7-DD0073712E5B}.Release|Any CPU.Build.0 = Release|Any CPU
		{48B40F1E-5F20-4CC3-A145-2FFB0D8104D9}.Debug|Any CPU.ActiveCfg = Debug|Any CPU
		{48B40F1E-5F20-4CC3-A145-2FFB0D8104D9}.Debug|Any CPU.Build.0 = Debug|Any CPU
		{48B40F1E-5F20-4CC3-A145-2FFB0D8104D9}.Release|Any CPU.ActiveCfg = Release|Any CPU
		{48B40F1E-5F20-4CC3-A145-2FFB0D8104D9}.Release|Any CPU.Build.0 = Release|Any CPU
	EndGlobalSection
	GlobalSection(SolutionProperties) = preSolution
		HideSolutionNode = FALSE
	EndGlobalSection
EndGlobal
